github.com/mahldcat/adventlibgolang2024 v0.0.0-20241204020331-6e405d2b7022 h1:lW85Ayd+JUuqSpoNqjp+NxJvfajhAa5n+BtaRNbwNx8=
github.com/mahldcat/adventlibgolang2024 v0.0.0-20241204020331-6e405d2b7022/go.mod h1:8FiLHt8ywJ0LZepAMFvUI7hv27dr9ysVBV3liUhx/mI=
github.com/mahldcat/adventlibgolang2024 v0.0.0-20241204022825-5da55beaf60c h1:TjcNUMgsa+naTs/Z1X3hNfkS7gWf374Wlw+CnwYQt4I=
github.com/mahldcat/adventlibgolang2024 v0.0.0-20241204022825-5da55beaf60c/go.mod h1:8FiLHt8ywJ0LZepAMFvUI7hv27dr9ysVBV3liUhx/mI=
github.com/mahldcat/adventlibgolang2024 v0.0.0-20241204025746-c9c76ba86b46 h1:qAU6txCmEWsLUwMOvj7Ry1zTOihpi5meRHnwrLGRnEQ=
github.com/mahldcat/adventlibgolang2024 v0.0.0-20241204025746-c9c76ba86b46/go.mod h1:8FiLHt8ywJ0LZepAMFvUI7hv27dr9ysVBV3liUhx/mI=
