github.com/mahldcat/adventlibgolang2024 v0.0.0-20241204025746-c9c76ba86b46 h1:qAU6txCmEWsLUwMOvj7Ry1zTOihpi5meRHnwrLGRnEQ=
github.com/mahldcat/adventlibgolang2024 v0.0.0-20241204025746-c9c76ba86b46/go.mod h1:8FiLHt8ywJ0LZepAMFvUI7hv27dr9ysVBV3liUhx/mI=
github.com/mahldcat/adventlibgolang2024 v0.0.0-20241204234458-5057a0c3af66 h1:N/MV/kHajxxVooMLZlYZaU6PDA9VVB8KB2S91pcxQTM=
github.com/mahldcat/adventlibgolang2024 v0.0.0-20241204234458-5057a0c3af66/go.mod h1:8FiLHt8ywJ0LZepAMFvUI7hv27dr9ysVBV3liUhx/mI=
github.com/mahldcat/adventlibgolang2024 v0.4.1 h1:I/mLvdcMFVlO67x98xC90VZ0JHnrPkPfkKYFB09FuUs=
github.com/mahldcat/adventlibgolang2024 v0.4.1/go.mod h1:8FiLHt8ywJ0LZepAMFvUI7hv27dr9ysVBV3liUhx/mI=
